
Microsoft Visual Studio Solution File, Format Version 12.00
# Visual Studio Version 17
VisualStudioVersion = 17.12.35707.178 d17.12
MinimumVisualStudioVersion = 10.0.40219.1
Project("{FAE04EC0-301F-11D3-BF4B-00C04F79EFBC}") = "A1Q3_RaminA", "A1Q3_RaminA\A1Q3_RaminA.csproj", "{BABDD907-C2D7-4496-9999-EFC1A45D2BE3}"
EndProject
Global
	GlobalSection(SolutionConfigurationPlatforms) = preSolution
		Debug|Any CPU = Debug|Any CPU
		Release|Any CPU = Release|Any CPU
	EndGlobalSection
	GlobalSection(ProjectConfigurationPlatforms) = postSolution
		{BABDD907-C2D7-4496-9999-EFC1A45D2BE3}.Debug|Any CPU.ActiveCfg = Debug|Any CPU
		{BABDD907-C2D7-4496-9999-EFC1A45D2BE3}.Debug|Any CPU.Build.0 = Debug|Any CPU
		{BABDD907-C2D7-4496-9999-EFC1A45D2BE3}.Release|Any CPU.ActiveCfg = Release|Any CPU
		{BABDD907-C2D7-4496-9999-EFC1A45D2BE3}.Release|Any CPU.Build.0 = Release|Any CPU
	EndGlobalSection
	GlobalSection(SolutionProperties) = preSolution
		HideSolutionNode = FALSE
	EndGlobalSection
EndGlobal
