
Microsoft Visual Studio Solution File, Format Version 12.00
# Visual Studio Version 17
VisualStudioVersion = 17.12.35707.178 d17.12
MinimumVisualStudioVersion = 10.0.40219.1
Project("{FAE04EC0-301F-11D3-BF4B-00C04F79EFBC}") = "A1Q4_RaminA", "A1Q4_RaminA\A1Q4_RaminA.csproj", "{1DC7F265-F0A3-49F0-B6CD-263B8940994B}"
EndProject
Global
	GlobalSection(SolutionConfigurationPlatforms) = preSolution
		Debug|Any CPU = Debug|Any CPU
		Release|Any CPU = Release|Any CPU
	EndGlobalSection
	GlobalSection(ProjectConfigurationPlatforms) = postSolution
		{1DC7F265-F0A3-49F0-B6CD-263B8940994B}.Debug|Any CPU.ActiveCfg = Debug|Any CPU
		{1DC7F265-F0A3-49F0-B6CD-263B8940994B}.Debug|Any CPU.Build.0 = Debug|Any CPU
		{1DC7F265-F0A3-49F0-B6CD-263B8940994B}.Release|Any CPU.ActiveCfg = Release|Any CPU
		{1DC7F265-F0A3-49F0-B6CD-263B8940994B}.Release|Any CPU.Build.0 = Release|Any CPU
	EndGlobalSection
	GlobalSection(SolutionProperties) = preSolution
		HideSolutionNode = FALSE
	EndGlobalSection
EndGlobal
