
Microsoft Visual Studio Solution File, Format Version 12.00
# Visual Studio Version 17
VisualStudioVersion = 17.12.35707.178 d17.12
MinimumVisualStudioVersion = 10.0.40219.1
Project("{FAE04EC0-301F-11D3-BF4B-00C04F79EFBC}") = "A1Q1_RaminA", "A1Q1_RaminA\A1Q1_RaminA.csproj", "{62D7B9EB-5461-4620-B394-39BB20DC1B2B}"
EndProject
Global
	GlobalSection(SolutionConfigurationPlatforms) = preSolution
		Debug|Any CPU = Debug|Any CPU
		Release|Any CPU = Release|Any CPU
	EndGlobalSection
	GlobalSection(ProjectConfigurationPlatforms) = postSolution
		{62D7B9EB-5461-4620-B394-39BB20DC1B2B}.Debug|Any CPU.ActiveCfg = Debug|Any CPU
		{62D7B9EB-5461-4620-B394-39BB20DC1B2B}.Debug|Any CPU.Build.0 = Debug|Any CPU
		{62D7B9EB-5461-4620-B394-39BB20DC1B2B}.Release|Any CPU.ActiveCfg = Release|Any CPU
		{62D7B9EB-5461-4620-B394-39BB20DC1B2B}.Release|Any CPU.Build.0 = Release|Any CPU
	EndGlobalSection
	GlobalSection(SolutionProperties) = preSolution
		HideSolutionNode = FALSE
	EndGlobalSection
EndGlobal
